
Microsoft Visual Studio Solution File, Format Version 12.00
# Visual Studio Version 17
VisualStudioVersion = 17.13.35931.197
MinimumVisualStudioVersion = 10.0.40219.1
Project("{FAE04EC0-301F-11D3-BF4B-00C04F79EFBC}") = "FootballFieldManagement", "FootballFieldManagement\FootballFieldManagement.csproj", "{0B99F1DD-241C-4659-A433-9EE5B2CADEAD}"
EndProject
Global
	GlobalSection(SolutionConfigurationPlatforms) = preSolution
		Debug|Any CPU = Debug|Any CPU
		Release|Any CPU = Release|Any CPU
	EndGlobalSection
	GlobalSection(ProjectConfigurationPlatforms) = postSolution
		{0B99F1DD-241C-4659-A433-9EE5B2CADEAD}.Debug|Any CPU.ActiveCfg = Debug|Any CPU
		{0B99F1DD-241C-4659-A433-9EE5B2CADEAD}.Debug|Any CPU.Build.0 = Debug|Any CPU
		{0B99F1DD-241C-4659-A433-9EE5B2CADEAD}.Release|Any CPU.ActiveCfg = Release|Any CPU
		{0B99F1DD-241C-4659-A433-9EE5B2CADEAD}.Release|Any CPU.Build.0 = Release|Any CPU
	EndGlobalSection
	GlobalSection(SolutionProperties) = preSolution
		HideSolutionNode = FALSE
	EndGlobalSection
	GlobalSection(ExtensibilityGlobals) = postSolution
		SolutionGuid = {0FF240B5-5837-4791-A450-6947B7869354}
	EndGlobalSection
EndGlobal
